
Microsoft Visual Studio Solution File, Format Version 12.00
# Visual Studio Version 17
VisualStudioVersion = 17.4.33213.308
MinimumVisualStudioVersion = 10.0.40219.1
Project("{FAE04EC0-301F-11D3-BF4B-00C04F79EFBC}") = "PatchableModel", "PatchableModel\PatchableModel.csproj", "{883AAD3F-6E36-4DEF-A8FF-56183D2DC186}"
EndProject
Global
	GlobalSection(SolutionConfigurationPlatforms) = preSolution
		Debug|Any CPU = Debug|Any CPU
		Release|Any CPU = Release|Any CPU
	EndGlobalSection
	GlobalSection(ProjectConfigurationPlatforms) = postSolution
		{883AAD3F-6E36-4DEF-A8FF-56183D2DC186}.Debug|Any CPU.ActiveCfg = Debug|Any CPU
		{883AAD3F-6E36-4DEF-A8FF-56183D2DC186}.Debug|Any CPU.Build.0 = Debug|Any CPU
		{883AAD3F-6E36-4DEF-A8FF-56183D2DC186}.Release|Any CPU.ActiveCfg = Release|Any CPU
		{883AAD3F-6E36-4DEF-A8FF-56183D2DC186}.Release|Any CPU.Build.0 = Release|Any CPU
	EndGlobalSection
	GlobalSection(SolutionProperties) = preSolution
		HideSolutionNode = FALSE
	EndGlobalSection
	GlobalSection(ExtensibilityGlobals) = postSolution
		SolutionGuid = {CCB16C89-6F30-463E-96B0-41D9EAF191D9}
	EndGlobalSection
EndGlobal
